
Microsoft Visual Studio Solution File, Format Version 12.00
# Visual Studio Version 16
VisualStudioVersion = 16.0.30523.141
MinimumVisualStudioVersion = 10.0.40219.1
Project("{FAE04EC0-301F-11D3-BF4B-00C04F79EFBC}") = "API", "API\API.csproj", "{C5FF0085-C1B5-4949-998D-3C26AF746A53}"
EndProject
Global
	GlobalSection(SolutionConfigurationPlatforms) = preSolution
		Debug|Any CPU = Debug|Any CPU
		Release|Any CPU = Release|Any CPU
	EndGlobalSection
	GlobalSection(ProjectConfigurationPlatforms) = postSolution
		{C5FF0085-C1B5-4949-998D-3C26AF746A53}.Debug|Any CPU.ActiveCfg = Debug|Any CPU
		{C5FF0085-C1B5-4949-998D-3C26AF746A53}.Debug|Any CPU.Build.0 = Debug|Any CPU
		{C5FF0085-C1B5-4949-998D-3C26AF746A53}.Release|Any CPU.ActiveCfg = Release|Any CPU
		{C5FF0085-C1B5-4949-998D-3C26AF746A53}.Release|Any CPU.Build.0 = Release|Any CPU
	EndGlobalSection
	GlobalSection(SolutionProperties) = preSolution
		HideSolutionNode = FALSE
	EndGlobalSection
	GlobalSection(ExtensibilityGlobals) = postSolution
		SolutionGuid = {2AE11BB8-5448-4E4B-A730-B74EA1F45F05}
	EndGlobalSection
EndGlobal
